
Microsoft Visual Studio Solution File, Format Version 12.00
# Visual Studio Version 17
VisualStudioVersion = 17.4.33403.182
MinimumVisualStudioVersion = 10.0.40219.1
Project("{9A19103F-16F7-4668-BE54-9A1E7A4F7556}") = "ForegroundShapesDetector.Library", "ForegroundShapesDetector.Library\ForegroundShapesDetector.Library.csproj", "{B68437BC-92FB-4919-9C3C-E60C4314F3FA}"
EndProject
Project("{9A19103F-16F7-4668-BE54-9A1E7A4F7556}") = "ForegroundShapesDetector.Tests", "ForegroundShapesDetector.Tests\ForegroundShapesDetector.Tests.csproj", "{42793329-20F2-432C-BD00-65B6270C88CA}"
EndProject
Project("{9A19103F-16F7-4668-BE54-9A1E7A4F7556}") = "ForegroundShapesDetector.ConsoleClient", "ForegroundShapesDetector.ConsoleClient\ForegroundShapesDetector.ConsoleClient.csproj", "{36CB3F10-89F3-47D7-8357-65A6F66AE87F}"
EndProject
Project("{9A19103F-16F7-4668-BE54-9A1E7A4F7556}") = "ForegroundShapesDetector.UI", "ForegroundShapesDetector.UI\ForegroundShapesDetector.UI.csproj", "{9C91CBC2-8552-4B30-BB7A-B41CAA4E2238}"
EndProject
Project("{FAE04EC0-301F-11D3-BF4B-00C04F79EFBC}") = "ForegroundShapesDetector.DataGenerator", "ForegroundShapesDetector.DataGenerator\ForegroundShapesDetector.DataGenerator.csproj", "{90D68765-6DCC-4F14-8FA8-A3A9B18CC75B}"
EndProject
Global
	GlobalSection(SolutionConfigurationPlatforms) = preSolution
		Debug|Any CPU = Debug|Any CPU
		Release|Any CPU = Release|Any CPU
	EndGlobalSection
	GlobalSection(ProjectConfigurationPlatforms) = postSolution
		{B68437BC-92FB-4919-9C3C-E60C4314F3FA}.Debug|Any CPU.ActiveCfg = Debug|Any CPU
		{B68437BC-92FB-4919-9C3C-E60C4314F3FA}.Debug|Any CPU.Build.0 = Debug|Any CPU
		{B68437BC-92FB-4919-9C3C-E60C4314F3FA}.Release|Any CPU.ActiveCfg = Release|Any CPU
		{B68437BC-92FB-4919-9C3C-E60C4314F3FA}.Release|Any CPU.Build.0 = Release|Any CPU
		{42793329-20F2-432C-BD00-65B6270C88CA}.Debug|Any CPU.ActiveCfg = Debug|Any CPU
		{42793329-20F2-432C-BD00-65B6270C88CA}.Debug|Any CPU.Build.0 = Debug|Any CPU
		{42793329-20F2-432C-BD00-65B6270C88CA}.Release|Any CPU.ActiveCfg = Release|Any CPU
		{42793329-20F2-432C-BD00-65B6270C88CA}.Release|Any CPU.Build.0 = Release|Any CPU
		{36CB3F10-89F3-47D7-8357-65A6F66AE87F}.Debug|Any CPU.ActiveCfg = Debug|Any CPU
		{36CB3F10-89F3-47D7-8357-65A6F66AE87F}.Debug|Any CPU.Build.0 = Debug|Any CPU
		{36CB3F10-89F3-47D7-8357-65A6F66AE87F}.Release|Any CPU.ActiveCfg = Release|Any CPU
		{36CB3F10-89F3-47D7-8357-65A6F66AE87F}.Release|Any CPU.Build.0 = Release|Any CPU
		{9C91CBC2-8552-4B30-BB7A-B41CAA4E2238}.Debug|Any CPU.ActiveCfg = Debug|Any CPU
		{9C91CBC2-8552-4B30-BB7A-B41CAA4E2238}.Debug|Any CPU.Build.0 = Debug|Any CPU
		{9C91CBC2-8552-4B30-BB7A-B41CAA4E2238}.Release|Any CPU.ActiveCfg = Release|Any CPU
		{9C91CBC2-8552-4B30-BB7A-B41CAA4E2238}.Release|Any CPU.Build.0 = Release|Any CPU
		{90D68765-6DCC-4F14-8FA8-A3A9B18CC75B}.Debug|Any CPU.ActiveCfg = Debug|Any CPU
		{90D68765-6DCC-4F14-8FA8-A3A9B18CC75B}.Debug|Any CPU.Build.0 = Debug|Any CPU
		{90D68765-6DCC-4F14-8FA8-A3A9B18CC75B}.Release|Any CPU.ActiveCfg = Release|Any CPU
		{90D68765-6DCC-4F14-8FA8-A3A9B18CC75B}.Release|Any CPU.Build.0 = Release|Any CPU
	EndGlobalSection
	GlobalSection(SolutionProperties) = preSolution
		HideSolutionNode = FALSE
	EndGlobalSection
	GlobalSection(ExtensibilityGlobals) = postSolution
		SolutionGuid = {B75C79B7-9E91-489F-8A8C-08F6CB39878F}
	EndGlobalSection
EndGlobal
